
Microsoft Visual Studio Solution File, Format Version 12.00
# Visual Studio 2012
Project("{FAE04EC0-301F-11D3-BF4B-00C04F79EFBC}") = "CircularPanel", "CircularPanel\CircularPanel.csproj", "{496B9624-7DBF-44D9-A362-410A967F1865}"
EndProject
Global
	GlobalSection(SolutionConfigurationPlatforms) = preSolution
		Debug|Any CPU = Debug|Any CPU
		Release|Any CPU = Release|Any CPU
	EndGlobalSection
	GlobalSection(ProjectConfigurationPlatforms) = postSolution
		{496B9624-7DBF-44D9-A362-410A967F1865}.Debug|Any CPU.ActiveCfg = Debug|Any CPU
		{496B9624-7DBF-44D9-A362-410A967F1865}.Debug|Any CPU.Build.0 = Debug|Any CPU
		{496B9624-7DBF-44D9-A362-410A967F1865}.Release|Any CPU.ActiveCfg = Release|Any CPU
		{496B9624-7DBF-44D9-A362-410A967F1865}.Release|Any CPU.Build.0 = Release|Any CPU
	EndGlobalSection
	GlobalSection(SolutionProperties) = preSolution
		HideSolutionNode = FALSE
	EndGlobalSection
EndGlobal
